// !$*UTF8*$!
{
	archiveVersion = 1;
	classes = {
	};
	objectVersion = 48;
	objects = {

/* Begin PBXBuildFile section */
		582ADA6C1FCE5E7C007D4ABC /* AppDelegate.swift in Sources */ = {isa = PBXBuildFile; fileRef = 582ADA6B1FCE5E7C007D4ABC /* AppDelegate.swift */; };
		582ADA6E1FCE5E7C007D4ABC /* ViewController.swift in Sources */ = {isa = PBXBuildFile; fileRef = 582ADA6D1FCE5E7C007D4ABC /* ViewController.swift */; };
		582ADA711FCE5E7C007D4ABC /* Main.storyboard in Resources */ = {isa = PBXBuildFile; fileRef = 582ADA6F1FCE5E7C007D4ABC /* Main.storyboard */; };
		582ADA741FCE5E7C007D4ABC /* My_Breakfast.xcdatamodeld in Sources */ = {isa = PBXBuildFile; fileRef = 582ADA721FCE5E7C007D4ABC /* My_Breakfast.xcdatamodeld */; };
		582ADA761FCE5E7C007D4ABC /* Assets.xcassets in Resources */ = {isa = PBXBuildFile; fileRef = 582ADA751FCE5E7C007D4ABC /* Assets.xcassets */; };
		582ADA791FCE5E7C007D4ABC /* LaunchScreen.storyboard in Resources */ = {isa = PBXBuildFile; fileRef = 582ADA771FCE5E7C007D4ABC /* LaunchScreen.storyboard */; };
		582ADA841FCE5E7C007D4ABC /* My_BreakfastTests.swift in Sources */ = {isa = PBXBuildFile; fileRef = 582ADA831FCE5E7C007D4ABC /* My_BreakfastTests.swift */; };
		582ADA8F1FCE5E7D007D4ABC /* My_BreakfastUITests.swift in Sources */ = {isa = PBXBuildFile; fileRef = 582ADA8E1FCE5E7D007D4ABC /* My_BreakfastUITests.swift */; };
/* End PBXBuildFile section */

/* Begin PBXContainerItemProxy section */
		582ADA801FCE5E7C007D4ABC /* PBXContainerItemProxy */ = {
			isa = PBXContainerItemProxy;
			containerPortal = 582ADA601FCE5E7C007D4ABC /* Project object */;
			proxyType = 1;
			remoteGlobalIDString = 582ADA671FCE5E7C007D4ABC;
			remoteInfo = "My Breakfast";
		};
		582ADA8B1FCE5E7D007D4ABC /* PBXContainerItemProxy */ = {
			isa = PBXContainerItemProxy;
			containerPortal = 582ADA601FCE5E7C007D4ABC /* Project object */;
			proxyType = 1;
			remoteGlobalIDString = 582ADA671FCE5E7C007D4ABC;
			remoteInfo = "My Breakfast";
		};
/* End PBXContainerItemProxy section */

/* Begin PBXFileReference section */
		582ADA681FCE5E7C007D4ABC /* My Breakfast.app */ = {isa = PBXFileReference; explicitFileType = wrapper.application; includeInIndex = 0; path = "My Breakfast.app"; sourceTree = BUILT_PRODUCTS_DIR; };
		582ADA6B1FCE5E7C007D4ABC /* AppDelegate.swift */ = {isa = PBXFileReference; lastKnownFileType = sourcecode.swift; path = AppDelegate.swift; sourceTree = "<group>"; };
		582ADA6D1FCE5E7C007D4ABC /* ViewController.swift */ = {isa = PBXFileReference; lastKnownFileType = sourcecode.swift; path = ViewController.swift; sourceTree = "<group>"; };
		582ADA701FCE5E7C007D4ABC /* Base */ = {isa = PBXFileReference; lastKnownFileType = file.storyboard; name = Base; path = Base.lproj/Main.storyboard; sourceTree = "<group>"; };
		582ADA731FCE5E7C007D4ABC /* My_Breakfast.xcdatamodel */ = {isa = PBXFileReference; lastKnownFileType = wrapper.xcdatamodel; path = My_Breakfast.xcdatamodel; sourceTree = "<group>"; };
		582ADA751FCE5E7C007D4ABC /* Assets.xcassets */ = {isa = PBXFileReference; lastKnownFileType = folder.assetcatalog; path = Assets.xcassets; sourceTree = "<group>"; };
		582ADA781FCE5E7C007D4ABC /* Base */ = {isa = PBXFileReference; lastKnownFileType = file.storyboard; name = Base; path = Base.lproj/LaunchScreen.storyboard; sourceTree = "<group>"; };
		582ADA7A1FCE5E7C007D4ABC /* Info.plist */ = {isa = PBXFileReference; lastKnownFileType = text.plist.xml; path = Info.plist; sourceTree = "<group>"; };
		582ADA7F1FCE5E7C007D4ABC /* My BreakfastTests.xctest */ = {isa = PBXFileReference; explicitFileType = wrapper.cfbundle; includeInIndex = 0; path = "My BreakfastTests.xctest"; sourceTree = BUILT_PRODUCTS_DIR; };
		582ADA831FCE5E7C007D4ABC /* My_BreakfastTests.swift */ = {isa = PBXFileReference; lastKnownFileType = sourcecode.swift; path = My_BreakfastTests.swift; sourceTree = "<group>"; };
		582ADA851FCE5E7C007D4ABC /* Info.plist */ = {isa = PBXFileReference; lastKnownFileType = text.plist.xml; path = Info.plist; sourceTree = "<group>"; };
		582ADA8A1FCE5E7D007D4ABC /* My BreakfastUITests.xctest */ = {isa = PBXFileReference; explicitFileType = wrapper.cfbundle; includeInIndex = 0; path = "My BreakfastUITests.xctest"; sourceTree = BUILT_PRODUCTS_DIR; };
		582ADA8E1FCE5E7D007D4ABC /* My_BreakfastUITests.swift */ = {isa = PBXFileReference; lastKnownFileType = sourcecode.swift; path = My_BreakfastUITests.swift; sourceTree = "<group>"; };
		582ADA901FCE5E7D007D4ABC /* Info.plist */ = {isa = PBXFileReference; lastKnownFileType = text.plist.xml; path = Info.plist; sourceTree = "<group>"; };
/* End PBXFileReference section */

/* Begin PBXFrameworksBuildPhase section */
		582ADA651FCE5E7C007D4ABC /* Frameworks */ = {
			isa = PBXFrameworksBuildPhase;
			buildActionMask = 2147483647;
			files = (
			);
			runOnlyForDeploymentPostprocessing = 0;
		};
		582ADA7C1FCE5E7C007D4ABC /* Frameworks */ = {
			isa = PBXFrameworksBuildPhase;
			buildActionMask = 2147483647;
			files = (
			);
			runOnlyForDeploymentPostprocessing = 0;
		};
		582ADA871FCE5E7D007D4ABC /* Frameworks */ = {
			isa = PBXFrameworksBuildPhase;
			buildActionMask = 2147483647;
			files = (
			);
			runOnlyForDeploymentPostprocessing = 0;
		};
/* End PBXFrameworksBuildPhase section */

/* Begin PBXGroup section */
		582ADA5F1FCE5E7C007D4ABC = {
			isa = PBXGroup;
			children = (
				582ADA6A1FCE5E7C007D4ABC /* My Breakfast */,
				582ADA821FCE5E7C007D4ABC /* My BreakfastTests */,
				582ADA8D1FCE5E7D007D4ABC /* My BreakfastUITests */,
				582ADA691FCE5E7C007D4ABC /* Products */,
			);
			sourceTree = "<group>";
		};
		582ADA691FCE5E7C007D4ABC /* Products */ = {
			isa = PBXGroup;
			children = (
				582ADA681FCE5E7C007D4ABC /* My Breakfast.app */,
				582ADA7F1FCE5E7C007D4ABC /* My BreakfastTests.xctest */,
				582ADA8A1FCE5E7D007D4ABC /* My BreakfastUITests.xctest */,
			);
			name = Products;
			sourceTree = "<group>";
		};
		582ADA6A1FCE5E7C007D4ABC /* My Breakfast */ = {
			isa = PBXGroup;
			children = (
				582ADA6B1FCE5E7C007D4ABC /* AppDelegate.swift */,
				582ADA6D1FCE5E7C007D4ABC /* ViewController.swift */,
				582ADA6F1FCE5E7C007D4ABC /* Main.storyboard */,
				582ADA751FCE5E7C007D4ABC /* Assets.xcassets */,
				582ADA771FCE5E7C007D4ABC /* LaunchScreen.storyboard */,
				582ADA7A1FCE5E7C007D4ABC /* Info.plist */,
				582ADA721FCE5E7C007D4ABC /* My_Breakfast.xcdatamodeld */,
			);
			path = "My Breakfast";
			sourceTree = "<group>";
		};
		582ADA821FCE5E7C007D4ABC /* My BreakfastTests */ = {
			isa = PBXGroup;
			children = (
				582ADA831FCE5E7C007D4ABC /* My_BreakfastTests.swift */,
				582ADA851FCE5E7C007D4ABC /* Info.plist */,
			);
			path = "My BreakfastTests";
			sourceTree = "<group>";
		};
		582ADA8D1FCE5E7D007D4ABC /* My BreakfastUITests */ = {
			isa = PBXGroup;
			children = (
				582ADA8E1FCE5E7D007D4ABC /* My_BreakfastUITests.swift */,
				582ADA901FCE5E7D007D4ABC /* Info.plist */,
			);
			path = "My BreakfastUITests";
			sourceTree = "<group>";
		};
/* End PBXGroup section */

/* Begin PBXNativeTarget section */
		582ADA671FCE5E7C007D4ABC /* My Breakfast */ = {
			isa = PBXNativeTarget;
			buildConfigurationList = 582ADA931FCE5E7D007D4ABC /* Build configuration list for PBXNativeTarget "My Breakfast" */;
			buildPhases = (
				582ADA641FCE5E7C007D4ABC /* Sources */,
				582ADA651FCE5E7C007D4ABC /* Frameworks */,
				582ADA661FCE5E7C007D4ABC /* Resources */,
			);
			buildRules = (
			);
			dependencies = (
			);
			name = "My Breakfast";
			productName = "My Breakfast";
			productReference = 582ADA681FCE5E7C007D4ABC /* My Breakfast.app */;
			productType = "com.apple.product-type.application";
		};
		582ADA7E1FCE5E7C007D4ABC /* My BreakfastTests */ = {
			isa = PBXNativeTarget;
			buildConfigurationList = 582ADA961FCE5E7D007D4ABC /* Build configuration list for PBXNativeTarget "My BreakfastTests" */;
			buildPhases = (
				582ADA7B1FCE5E7C007D4ABC /* Sources */,
				582ADA7C1FCE5E7C007D4ABC /* Frameworks */,
				582ADA7D1FCE5E7C007D4ABC /* Resources */,
			);
			buildRules = (
			);
			dependencies = (
				582ADA811FCE5E7C007D4ABC /* PBXTargetDependency */,
			);
			name = "My BreakfastTests";
			productName = "My BreakfastTests";
			productReference = 582ADA7F1FCE5E7C007D4ABC /* My BreakfastTests.xctest */;
			productType = "com.apple.product-type.bundle.unit-test";
		};
		582ADA891FCE5E7D007D4ABC /* My BreakfastUITests */ = {
			isa = PBXNativeTarget;
			buildConfigurationList = 582ADA991FCE5E7D007D4ABC /* Build configuration list for PBXNativeTarget "My BreakfastUITests" */;
			buildPhases = (
				582ADA861FCE5E7D007D4ABC /* Sources */,
				582ADA871FCE5E7D007D4ABC /* Frameworks */,
				582ADA881FCE5E7D007D4ABC /* Resources */,
			);
			buildRules = (
			);
			dependencies = (
				582ADA8C1FCE5E7D007D4ABC /* PBXTargetDependency */,
			);
			name = "My BreakfastUITests";
			productName = "My BreakfastUITests";
			productReference = 582ADA8A1FCE5E7D007D4ABC /* My BreakfastUITests.xctest */;
			productType = "com.apple.product-type.bundle.ui-testing";
		};
/* End PBXNativeTarget section */

/* Begin PBXProject section */
		582ADA601FCE5E7C007D4ABC /* Project object */ = {
			isa = PBXProject;
			attributes = {
				LastSwiftUpdateCheck = 0910;
				LastUpgradeCheck = 0910;
				ORGANIZATIONNAME = muqorrobin;
				TargetAttributes = {
					582ADA671FCE5E7C007D4ABC = {
						CreatedOnToolsVersion = 9.1;
						ProvisioningStyle = Automatic;
					};
					582ADA7E1FCE5E7C007D4ABC = {
						CreatedOnToolsVersion = 9.1;
						ProvisioningStyle = Automatic;
						TestTargetID = 582ADA671FCE5E7C007D4ABC;
					};
					582ADA891FCE5E7D007D4ABC = {
						CreatedOnToolsVersion = 9.1;
						ProvisioningStyle = Automatic;
						TestTargetID = 582ADA671FCE5E7C007D4ABC;
					};
				};
			};
			buildConfigurationList = 582ADA631FCE5E7C007D4ABC /* Build configuration list for PBXProject "My Breakfast" */;
			compatibilityVersion = "Xcode 8.0";
			developmentRegion = en;
			hasScannedForEncodings = 0;
			knownRegions = (
				en,
				Base,
			);
			mainGroup = 582ADA5F1FCE5E7C007D4ABC;
			productRefGroup = 582ADA691FCE5E7C007D4ABC /* Products */;
			projectDirPath = "";
			projectRoot = "";
			targets = (
				582ADA671FCE5E7C007D4ABC /* My Breakfast */,
				582ADA7E1FCE5E7C007D4ABC /* My BreakfastTests */,
				582ADA891FCE5E7D007D4ABC /* My BreakfastUITests */,
			);
		};
/* End PBXProject section */

/* Begin PBXResourcesBuildPhase section */
		582ADA661FCE5E7C007D4ABC /* Resources */ = {
			isa = PBXResourcesBuildPhase;
			buildActionMask = 2147483647;
			files = (
				582ADA791FCE5E7C007D4ABC /* LaunchScreen.storyboard in Resources */,
				582ADA761FCE5E7C007D4ABC /* Assets.xcassets in Resources */,
				582ADA711FCE5E7C007D4ABC /* Main.storyboard in Resources */,
			);
			runOnlyForDeploymentPostprocessing = 0;
		};
		582ADA7D1FCE5E7C007D4ABC /* Resources */ = {
			isa = PBXResourcesBuildPhase;
			buildActionMask = 2147483647;
			files = (
			);
			runOnlyForDeploymentPostprocessing = 0;
		};
		582ADA881FCE5E7D007D4ABC /* Resources */ = {
			isa = PBXResourcesBuildPhase;
			buildActionMask = 2147483647;
			files = (
			);
			runOnlyForDeploymentPostprocessing = 0;
		};
/* End PBXResourcesBuildPhase section */

/* Begin PBXSourcesBuildPhase section */
		582ADA641FCE5E7C007D4ABC /* Sources */ = {
			isa = PBXSourcesBuildPhase;
			buildActionMask = 2147483647;
			files = (
				582ADA6E1FCE5E7C007D4ABC /* ViewController.swift in Sources */,
				582ADA741FCE5E7C007D4ABC /* My_Breakfast.xcdatamodeld in Sources */,
				582ADA6C1FCE5E7C007D4ABC /* AppDelegate.swift in Sources */,
			);
			runOnlyForDeploymentPostprocessing = 0;
		};
		582ADA7B1FCE5E7C007D4ABC /* Sources */ = {
			isa = PBXSourcesBuildPhase;
			buildActionMask = 2147483647;
			files = (
				582ADA841FCE5E7C007D4ABC /* My_BreakfastTests.swift in Sources */,
			);
			runOnlyForDeploymentPostprocessing = 0;
		};
		582ADA861FCE5E7D007D4ABC /* Sources */ = {
			isa = PBXSourcesBuildPhase;
			buildActionMask = 2147483647;
			files = (
				582ADA8F1FCE5E7D007D4ABC /* My_BreakfastUITests.swift in Sources */,
			);
			runOnlyForDeploymentPostprocessing = 0;
		};
/* End PBXSourcesBuildPhase section */

/* Begin PBXTargetDependency section */
		582ADA811FCE5E7C007D4ABC /* PBXTargetDependency */ = {
			isa = PBXTargetDependency;
			target = 582ADA671FCE5E7C007D4ABC /* My Breakfast */;
			targetProxy = 582ADA801FCE5E7C007D4ABC /* PBXContainerItemProxy */;
		};
		582ADA8C1FCE5E7D007D4ABC /* PBXTargetDependency */ = {
			isa = PBXTargetDependency;
			target = 582ADA671FCE5E7C007D4ABC /* My Breakfast */;
			targetProxy = 582ADA8B1FCE5E7D007D4ABC /* PBXContainerItemProxy */;
		};
/* End PBXTargetDependency section */

/* Begin PBXVariantGroup section */
		582ADA6F1FCE5E7C007D4ABC /* Main.storyboard */ = {
			isa = PBXVariantGroup;
			children = (
				582ADA701FCE5E7C007D4ABC /* Base */,
			);
			name = Main.storyboard;
			sourceTree = "<group>";
		};
		582ADA771FCE5E7C007D4ABC /* LaunchScreen.storyboard */ = {
			isa = PBXVariantGroup;
			children = (
				582ADA781FCE5E7C007D4ABC /* Base */,
			);
			name = LaunchScreen.storyboard;
			sourceTree = "<group>";
		};
/* End PBXVariantGroup section */

/* Begin XCBuildConfiguration section */
		582ADA911FCE5E7D007D4ABC /* Debug */ = {
			isa = XCBuildConfiguration;
			buildSettings = {
				ALWAYS_SEARCH_USER_PATHS = NO;
				CLANG_ANALYZER_NONNULL = YES;
				CLANG_ANALYZER_NUMBER_OBJECT_CONVERSION = YES_AGGRESSIVE;
				CLANG_CXX_LANGUAGE_STANDARD = "gnu++14";
				CLANG_CXX_LIBRARY = "libc++";
				CLANG_ENABLE_MODULES = YES;
				CLANG_ENABLE_OBJC_ARC = YES;
				CLANG_WARN_BLOCK_CAPTURE_AUTORELEASING = YES;
				CLANG_WARN_BOOL_CONVERSION = YES;
				CLANG_WARN_COMMA = YES;
				CLANG_WARN_CONSTANT_CONVERSION = YES;
				CLANG_WARN_DIRECT_OBJC_ISA_USAGE = YES_ERROR;
				CLANG_WARN_DOCUMENTATION_COMMENTS = YES;
				CLANG_WARN_EMPTY_BODY = YES;
				CLANG_WARN_ENUM_CONVERSION = YES;
				CLANG_WARN_INFINITE_RECURSION = YES;
				CLANG_WARN_INT_CONVERSION = YES;
				CLANG_WARN_NON_LITERAL_NULL_CONVERSION = YES;
				CLANG_WARN_OBJC_LITERAL_CONVERSION = YES;
				CLANG_WARN_OBJC_ROOT_CLASS = YES_ERROR;
				CLANG_WARN_RANGE_LOOP_ANALYSIS = YES;
				CLANG_WARN_STRICT_PROTOTYPES = YES;
				CLANG_WARN_SUSPICIOUS_MOVE = YES;
				CLANG_WARN_UNGUARDED_AVAILABILITY = YES_AGGRESSIVE;
				CLANG_WARN_UNREACHABLE_CODE = YES;
				CLANG_WARN__DUPLICATE_METHOD_MATCH = YES;
				CODE_SIGN_IDENTITY = "iPhone Developer";
				COPY_PHASE_STRIP = NO;
				DEBUG_INFORMATION_FORMAT = dwarf;
				ENABLE_STRICT_OBJC_MSGSEND = YES;
				ENABLE_TESTABILITY = YES;
				GCC_C_LANGUAGE_STANDARD = gnu11;
				GCC_DYNAMIC_NO_PIC = NO;
				GCC_NO_COMMON_BLOCKS = YES;
				GCC_OPTIMIZATION_LEVEL = 0;
				GCC_PREPROCESSOR_DEFINITIONS = (
					"DEBUG=1",
					"$(inherited)",
				);
				GCC_WARN_64_TO_32_BIT_CONVERSION = YES;
				GCC_WARN_ABOUT_RETURN_TYPE = YES_ERROR;
				GCC_WARN_UNDECLARED_SELECTOR = YES;
				GCC_WARN_UNINITIALIZED_AUTOS = YES_AGGRESSIVE;
				GCC_WARN_UNUSED_FUNCTION = YES;
				GCC_WARN_UNUSED_VARIABLE = YES;
				IPHONEOS_DEPLOYMENT_TARGET = 11.1;
				MTL_ENABLE_DEBUG_INFO = YES;
				ONLY_ACTIVE_ARCH = YES;
				SDKROOT = iphoneos;
				SWIFT_ACTIVE_COMPILATION_CONDITIONS = DEBUG;
				SWIFT_OPTIMIZATION_LEVEL = "-Onone";
			};
			name = Debug;
		};
		582ADA921FCE5E7D007D4ABC /* Release */ = {
			isa = XCBuildConfiguration;
			buildSettings = {
				ALWAYS_SEARCH_USER_PATHS = NO;
				CLANG_ANALYZER_NONNULL = YES;
				CLANG_ANALYZER_NUMBER_OBJECT_CONVERSION = YES_AGGRESSIVE;
				CLANG_CXX_LANGUAGE_STANDARD = "gnu++14";
				CLANG_CXX_LIBRARY = "libc++";
				CLANG_ENABLE_MODULES = YES;
				CLANG_ENABLE_OBJC_ARC = YES;
				CLANG_WARN_BLOCK_CAPTURE_AUTORELEASING = YES;
				CLANG_WARN_BOOL_CONVERSION = YES;
				CLANG_WARN_COMMA = YES;
				CLANG_WARN_CONSTANT_CONVERSION = YES;
				CLANG_WARN_DIRECT_OBJC_ISA_USAGE = YES_ERROR;
				CLANG_WARN_DOCUMENTATION_COMMENTS = YES;
				CLANG_WARN_EMPTY_BODY = YES;
				CLANG_WARN_ENUM_CONVERSION = YES;
				CLANG_WARN_INFINITE_RECURSION = YES;
				CLANG_WARN_INT_CONVERSION = YES;
				CLANG_WARN_NON_LITERAL_NULL_CONVERSION = YES;
				CLANG_WARN_OBJC_LITERAL_CONVERSION = YES;
				CLANG_WARN_OBJC_ROOT_CLASS = YES_ERROR;
				CLANG_WARN_RANGE_LOOP_ANALYSIS = YES;
				CLANG_WARN_STRICT_PROTOTYPES = YES;
				CLANG_WARN_SUSPICIOUS_MOVE = YES;
				CLANG_WARN_UNGUARDED_AVAILABILITY = YES_AGGRESSIVE;
				CLANG_WARN_UNREACHABLE_CODE = YES;
				CLANG_WARN__DUPLICATE_METHOD_MATCH = YES;
				CODE_SIGN_IDENTITY = "iPhone Developer";
				COPY_PHASE_STRIP = NO;
				DEBUG_INFORMATION_FORMAT = "dwarf-with-dsym";
				ENABLE_NS_ASSERTIONS = NO;
				ENABLE_STRICT_OBJC_MSGSEND = YES;
				GCC_C_LANGUAGE_STANDARD = gnu11;
				GCC_NO_COMMON_BLOCKS = YES;
				GCC_WARN_64_TO_32_BIT_CONVERSION = YES;
				GCC_WARN_ABOUT_RETURN_TYPE = YES_ERROR;
				GCC_WARN_UNDECLARED_SELECTOR = YES;
				GCC_WARN_UNINITIALIZED_AUTOS = YES_AGGRESSIVE;
				GCC_WARN_UNUSED_FUNCTION = YES;
				GCC_WARN_UNUSED_VARIABLE = YES;
				IPHONEOS_DEPLOYMENT_TARGET = 11.1;
				MTL_ENABLE_DEBUG_INFO = NO;
				SDKROOT = iphoneos;
				SWIFT_OPTIMIZATION_LEVEL = "-Owholemodule";
				VALIDATE_PRODUCT = YES;
			};
			name = Release;
		};
		582ADA941FCE5E7D007D4ABC /* Debug */ = {
			isa = XCBuildConfiguration;
			buildSettings = {
				ASSETCATALOG_COMPILER_APPICON_NAME = AppIcon;
				CODE_SIGN_STYLE = Automatic;
				INFOPLIST_FILE = "My Breakfast/Info.plist";
				LD_RUNPATH_SEARCH_PATHS = "$(inherited) @executable_path/Frameworks";
				PRODUCT_BUNDLE_IDENTIFIER = "ios.ibnu.My-Breakfast";
				PRODUCT_NAME = "$(TARGET_NAME)";
				SWIFT_VERSION = 4.0;
				TARGETED_DEVICE_FAMILY = "1,2";
			};
			name = Debug;
		};
		582ADA951FCE5E7D007D4ABC /* Release */ = {
			isa = XCBuildConfiguration;
			buildSettings = {
				ASSETCATALOG_COMPILER_APPICON_NAME = AppIcon;
				CODE_SIGN_STYLE = Automatic;
				INFOPLIST_FILE = "My Breakfast/Info.plist";
				LD_RUNPATH_SEARCH_PATHS = "$(inherited) @executable_path/Frameworks";
				PRODUCT_BUNDLE_IDENTIFIER = "ios.ibnu.My-Breakfast";
				PRODUCT_NAME = "$(TARGET_NAME)";
				SWIFT_VERSION = 4.0;
				TARGETED_DEVICE_FAMILY = "1,2";
			};
			name = Release;
		};
		582ADA971FCE5E7D007D4ABC /* Debug */ = {
			isa = XCBuildConfiguration;
			buildSettings = {
				ALWAYS_EMBED_SWIFT_STANDARD_LIBRARIES = YES;
				BUNDLE_LOADER = "$(TEST_HOST)";
				CODE_SIGN_STYLE = Automatic;
				INFOPLIST_FILE = "My BreakfastTests/Info.plist";
				LD_RUNPATH_SEARCH_PATHS = "$(inherited) @executable_path/Frameworks @loader_path/Frameworks";
				PRODUCT_BUNDLE_IDENTIFIER = "ios.ibnu.My-BreakfastTests";
				PRODUCT_NAME = "$(TARGET_NAME)";
				SWIFT_VERSION = 4.0;
				TARGETED_DEVICE_FAMILY = "1,2";
				TEST_HOST = "$(BUILT_PRODUCTS_DIR)/My Breakfast.app/My Breakfast";
			};
			name = Debug;
		};
		582ADA981FCE5E7D007D4ABC /* Release */ = {
			isa = XCBuildConfiguration;
			buildSettings = {
				ALWAYS_EMBED_SWIFT_STANDARD_LIBRARIES = YES;
				BUNDLE_LOADER = "$(TEST_HOST)";
				CODE_SIGN_STYLE = Automatic;
				INFOPLIST_FILE = "My BreakfastTests/Info.plist";
				LD_RUNPATH_SEARCH_PATHS = "$(inherited) @executable_path/Frameworks @loader_path/Frameworks";
				PRODUCT_BUNDLE_IDENTIFIER = "ios.ibnu.My-BreakfastTests";
				PRODUCT_NAME = "$(TARGET_NAME)";
				SWIFT_VERSION = 4.0;
				TARGETED_DEVICE_FAMILY = "1,2";
				TEST_HOST = "$(BUILT_PRODUCTS_DIR)/My Breakfast.app/My Breakfast";
			};
			name = Release;
		};
		582ADA9A1FCE5E7D007D4ABC /* Debug */ = {
			isa = XCBuildConfiguration;
			buildSettings = {
				ALWAYS_EMBED_SWIFT_STANDARD_LIBRARIES = YES;
				CODE_SIGN_STYLE = Automatic;
				INFOPLIST_FILE = "My BreakfastUITests/Info.plist";
				LD_RUNPATH_SEARCH_PATHS = "$(inherited) @executable_path/Frameworks @loader_path/Frameworks";
				PRODUCT_BUNDLE_IDENTIFIER = "ios.ibnu.My-BreakfastUITests";
				PRODUCT_NAME = "$(TARGET_NAME)";
				SWIFT_VERSION = 4.0;
				TARGETED_DEVICE_FAMILY = "1,2";
				TEST_TARGET_NAME = "My Breakfast";
			};
			name = Debug;
		};
		582ADA9B1FCE5E7D007D4ABC /* Release */ = {
			isa = XCBuildConfiguration;
			buildSettings = {
				ALWAYS_EMBED_SWIFT_STANDARD_LIBRARIES = YES;
				CODE_SIGN_STYLE = Automatic;
				INFOPLIST_FILE = "My BreakfastUITests/Info.plist";
				LD_RUNPATH_SEARCH_PATHS = "$(inherited) @executable_path/Frameworks @loader_path/Frameworks";
				PRODUCT_BUNDLE_IDENTIFIER = "ios.ibnu.My-BreakfastUITests";
				PRODUCT_NAME = "$(TARGET_NAME)";
				SWIFT_VERSION = 4.0;
				TARGETED_DEVICE_FAMILY = "1,2";
				TEST_TARGET_NAME = "My Breakfast";
			};
			name = Release;
		};
/* End XCBuildConfiguration section */

/* Begin XCConfigurationList section */
		582ADA631FCE5E7C007D4ABC /* Build configuration list for PBXProject "My Breakfast" */ = {
			isa = XCConfigurationList;
			buildConfigurations = (
				582ADA911FCE5E7D007D4ABC /* Debug */,
				582ADA921FCE5E7D007D4ABC /* Release */,
			);
			defaultConfigurationIsVisible = 0;
			defaultConfigurationName = Release;
		};
		582ADA931FCE5E7D007D4ABC /* Build configuration list for PBXNativeTarget "My Breakfast" */ = {
			isa = XCConfigurationList;
			buildConfigurations = (
				582ADA941FCE5E7D007D4ABC /* Debug */,
				582ADA951FCE5E7D007D4ABC /* Release */,
			);
			defaultConfigurationIsVisible = 0;
			defaultConfigurationName = Release;
		};
		582ADA961FCE5E7D007D4ABC /* Build configuration list for PBXNativeTarget "My BreakfastTests" */ = {
			isa = XCConfigurationList;
			buildConfigurations = (
				582ADA971FCE5E7D007D4ABC /* Debug */,
				582ADA981FCE5E7D007D4ABC /* Release */,
			);
			defaultConfigurationIsVisible = 0;
			defaultConfigurationName = Release;
		};
		582ADA991FCE5E7D007D4ABC /* Build configuration list for PBXNativeTarget "My BreakfastUITests" */ = {
			isa = XCConfigurationList;
			buildConfigurations = (
				582ADA9A1FCE5E7D007D4ABC /* Debug */,
				582ADA9B1FCE5E7D007D4ABC /* Release */,
			);
			defaultConfigurationIsVisible = 0;
			defaultConfigurationName = Release;
		};
/* End XCConfigurationList section */

/* Begin XCVersionGroup section */
		582ADA721FCE5E7C007D4ABC /* My_Breakfast.xcdatamodeld */ = {
			isa = XCVersionGroup;
			children = (
				582ADA731FCE5E7C007D4ABC /* My_Breakfast.xcdatamodel */,
			);
			currentVersion = 582ADA731FCE5E7C007D4ABC /* My_Breakfast.xcdatamodel */;
			path = My_Breakfast.xcdatamodeld;
			sourceTree = "<group>";
			versionGroupType = wrapper.xcdatamodel;
		};
/* End XCVersionGroup section */
	};
	rootObject = 582ADA601FCE5E7C007D4ABC /* Project object */;
}
